
Microsoft Visual Studio Solution File, Format Version 12.00
# Visual Studio Version 17
VisualStudioVersion = 17.6.33815.320
MinimumVisualStudioVersion = 10.0.40219.1
Project("{9A19103F-16F7-4668-BE54-9A1E7A4F7556}") = "UnitTesting", "UnitTesting.csproj", "{97895CEF-DC6D-495F-9A1B-F030587A37F0}"
EndProject
Project("{FAE04EC0-301F-11D3-BF4B-00C04F79EFBC}") = "401Lab2Test", "..\401Lab2Test\401Lab2Test.csproj", "{8DB2BA51-048B-4DE5-96FB-CAC3A2A05EA0}"
EndProject
Global
	GlobalSection(SolutionConfigurationPlatforms) = preSolution
		Debug|Any CPU = Debug|Any CPU
		Release|Any CPU = Release|Any CPU
	EndGlobalSection
	GlobalSection(ProjectConfigurationPlatforms) = postSolution
		{97895CEF-DC6D-495F-9A1B-F030587A37F0}.Debug|Any CPU.ActiveCfg = Debug|Any CPU
		{97895CEF-DC6D-495F-9A1B-F030587A37F0}.Debug|Any CPU.Build.0 = Debug|Any CPU
		{97895CEF-DC6D-495F-9A1B-F030587A37F0}.Release|Any CPU.ActiveCfg = Release|Any CPU
		{97895CEF-DC6D-495F-9A1B-F030587A37F0}.Release|Any CPU.Build.0 = Release|Any CPU
		{8DB2BA51-048B-4DE5-96FB-CAC3A2A05EA0}.Debug|Any CPU.ActiveCfg = Debug|Any CPU
		{8DB2BA51-048B-4DE5-96FB-CAC3A2A05EA0}.Debug|Any CPU.Build.0 = Debug|Any CPU
		{8DB2BA51-048B-4DE5-96FB-CAC3A2A05EA0}.Release|Any CPU.ActiveCfg = Release|Any CPU
		{8DB2BA51-048B-4DE5-96FB-CAC3A2A05EA0}.Release|Any CPU.Build.0 = Release|Any CPU
	EndGlobalSection
	GlobalSection(SolutionProperties) = preSolution
		HideSolutionNode = FALSE
	EndGlobalSection
	GlobalSection(ExtensibilityGlobals) = postSolution
		SolutionGuid = {F4EB9809-46C4-40E6-BFE4-E5638172FAF1}
	EndGlobalSection
EndGlobal
